
Microsoft Visual Studio Solution File, Format Version 12.00
# Visual Studio Version 17
VisualStudioVersion = 17.10.34902.84
MinimumVisualStudioVersion = 10.0.40219.1
Project("{FAE04EC0-301F-11D3-BF4B-00C04F79EFBC}") = "DocTruyenApi", "DocTruyenApi\DocTruyenApi.csproj", "{6EC8BF80-CAEE-4E1E-AE66-7DA2E52DFBDC}"
EndProject
Global
	GlobalSection(SolutionConfigurationPlatforms) = preSolution
		Debug|Any CPU = Debug|Any CPU
		Release|Any CPU = Release|Any CPU
	EndGlobalSection
	GlobalSection(ProjectConfigurationPlatforms) = postSolution
		{6EC8BF80-CAEE-4E1E-AE66-7DA2E52DFBDC}.Debug|Any CPU.ActiveCfg = Debug|Any CPU
		{6EC8BF80-CAEE-4E1E-AE66-7DA2E52DFBDC}.Debug|Any CPU.Build.0 = Debug|Any CPU
		{6EC8BF80-CAEE-4E1E-AE66-7DA2E52DFBDC}.Release|Any CPU.ActiveCfg = Release|Any CPU
		{6EC8BF80-CAEE-4E1E-AE66-7DA2E52DFBDC}.Release|Any CPU.Build.0 = Release|Any CPU
	EndGlobalSection
	GlobalSection(SolutionProperties) = preSolution
		HideSolutionNode = FALSE
	EndGlobalSection
	GlobalSection(ExtensibilityGlobals) = postSolution
		SolutionGuid = {38E481C7-7C80-47F4-8DCC-ADFEC48DD094}
	EndGlobalSection
EndGlobal
